// !$*UTF8*$!
{
	archiveVersion = 1;
	classes = {
	};
	objectVersion = 56;
	objects = {

/* Begin PBXBuildFile section */
		AC03622B2C1879AC0033B781 /* View4.swift in Sources */ = {isa = PBXBuildFile; fileRef = AC03622A2C1879AC0033B781 /* View4.swift */; };
		AC03622D2C187D7D0033B781 /* View5.swift in Sources */ = {isa = PBXBuildFile; fileRef = AC03622C2C187D7D0033B781 /* View5.swift */; };
		AC03622F2C1B10E00033B781 /* MainView5.swift in Sources */ = {isa = PBXBuildFile; fileRef = AC03622E2C1B10E00033B781 /* MainView5.swift */; };
		AC366EAE2C2034760029AA9A /* MenuSwiftUIView2.swift in Sources */ = {isa = PBXBuildFile; fileRef = AC366EAD2C2034760029AA9A /* MenuSwiftUIView2.swift */; };
		AC366EB32C20666C0029AA9A /* DropDown.swift in Sources */ = {isa = PBXBuildFile; fileRef = AC366EB22C20666C0029AA9A /* DropDown.swift */; };
		AC366EB52C2066B40029AA9A /* MenuSwiftUIView3.swift in Sources */ = {isa = PBXBuildFile; fileRef = AC366EB42C2066B40029AA9A /* MenuSwiftUIView3.swift */; };
		AC366EB82C2069A90029AA9A /* DropDownView.swift in Sources */ = {isa = PBXBuildFile; fileRef = AC366EB72C2069A90029AA9A /* DropDownView.swift */; };
		AC366EBA2C2069DC0029AA9A /* MenuSwiftUIView4.swift in Sources */ = {isa = PBXBuildFile; fileRef = AC366EB92C2069DC0029AA9A /* MenuSwiftUIView4.swift */; };
		AC366EBE2C2074F00029AA9A /* MenuSwiftUIView11.swift in Sources */ = {isa = PBXBuildFile; fileRef = AC366EBD2C2074F00029AA9A /* MenuSwiftUIView11.swift */; };
		AC366EC12C2075300029AA9A /* DropDown4.swift in Sources */ = {isa = PBXBuildFile; fileRef = AC366EC02C2075300029AA9A /* DropDown4.swift */; };
		AC366EC32C20757E0029AA9A /* DropDownMenuDemo4.swift in Sources */ = {isa = PBXBuildFile; fileRef = AC366EC22C20757E0029AA9A /* DropDownMenuDemo4.swift */; };
		AC366EC72C2182740029AA9A /* SwiftUIView11111.swift in Sources */ = {isa = PBXBuildFile; fileRef = AC366EC62C2182740029AA9A /* SwiftUIView11111.swift */; };
		AC366ECA2C219B850029AA9A /* ResizableLogoutInfoSheetView.swift in Sources */ = {isa = PBXBuildFile; fileRef = AC366EC92C219B850029AA9A /* ResizableLogoutInfoSheetView.swift */; };
		AC366ECC2C21C0AF0029AA9A /* SheetStartTest.swift in Sources */ = {isa = PBXBuildFile; fileRef = AC366ECB2C21C0AF0029AA9A /* SheetStartTest.swift */; };
		AC4238402C11A6C50035B3CE /* SwiftUIView123231.swift in Sources */ = {isa = PBXBuildFile; fileRef = AC42383F2C11A6C50035B3CE /* SwiftUIView123231.swift */; };
		AC4CB8B62B63E0350058C263 /* DemoOfHidingPanelView.swift in Sources */ = {isa = PBXBuildFile; fileRef = AC4CB8B52B63E0350058C263 /* DemoOfHidingPanelView.swift */; };
		AC52780D2BF37BF700CD1909 /* BottomSheetModifierNew+View.swift in Sources */ = {isa = PBXBuildFile; fileRef = AC52780C2BF37BF700CD1909 /* BottomSheetModifierNew+View.swift */; };
		AC52780F2BF37C7700CD1909 /* ScrollablePanelView.swift in Sources */ = {isa = PBXBuildFile; fileRef = AC52780E2BF37C7700CD1909 /* ScrollablePanelView.swift */; };
		AC5278122BF37D2800CD1909 /* KeyboardHelper.swift in Sources */ = {isa = PBXBuildFile; fileRef = AC5278112BF37D2800CD1909 /* KeyboardHelper.swift */; };
		AC5278142BF385DC00CD1909 /* PanelViewNew.swift in Sources */ = {isa = PBXBuildFile; fileRef = AC5278132BF385DC00CD1909 /* PanelViewNew.swift */; };
		AC5278162BF386E400CD1909 /* PanelViewIndicator.swift in Sources */ = {isa = PBXBuildFile; fileRef = AC5278152BF386E400CD1909 /* PanelViewIndicator.swift */; };
		AC5278182BF388F700CD1909 /* BottomSheet.swift in Sources */ = {isa = PBXBuildFile; fileRef = AC5278172BF388F700CD1909 /* BottomSheet.swift */; };
		AC52781A2BF38AE800CD1909 /* DialogView.swift in Sources */ = {isa = PBXBuildFile; fileRef = AC5278192BF38AE800CD1909 /* DialogView.swift */; };
		AC52781D2BF38B7C00CD1909 /* ExitCurtainView.swift in Sources */ = {isa = PBXBuildFile; fileRef = AC52781C2BF38B7C00CD1909 /* ExitCurtainView.swift */; };
		AC52781F2BF3941A00CD1909 /* MainCurtainView.swift in Sources */ = {isa = PBXBuildFile; fileRef = AC52781E2BF3941A00CD1909 /* MainCurtainView.swift */; };
		AC5278212BF4CF7700CD1909 /* AlertContentView.swift in Sources */ = {isa = PBXBuildFile; fileRef = AC5278202BF4CF7700CD1909 /* AlertContentView.swift */; };
		AC52782A2BF4E9F700CD1909 /* BottomSheetView.swift in Sources */ = {isa = PBXBuildFile; fileRef = AC5278292BF4E9F700CD1909 /* BottomSheetView.swift */; };
		AC52782C2BF4ED2C00CD1909 /* ResizableSheetsView.swift in Sources */ = {isa = PBXBuildFile; fileRef = AC52782B2BF4ED2C00CD1909 /* ResizableSheetsView.swift */; };
		AC52782E2BF4ED6F00CD1909 /* ResizableSheets2View.swift in Sources */ = {isa = PBXBuildFile; fileRef = AC52782D2BF4ED6F00CD1909 /* ResizableSheets2View.swift */; };
		AC5278342BF6468600CD1909 /* CustomAlertView.swift in Sources */ = {isa = PBXBuildFile; fileRef = AC5278332BF6468600CD1909 /* CustomAlertView.swift */; };
		AC5278362BF646C100CD1909 /* ContentViewOne.swift in Sources */ = {isa = PBXBuildFile; fileRef = AC5278352BF646C100CD1909 /* ContentViewOne.swift */; };
		AC5278382BF647A500CD1909 /* ContentViewTwo.swift in Sources */ = {isa = PBXBuildFile; fileRef = AC5278372BF647A500CD1909 /* ContentViewTwo.swift */; };
		AC52783B2BF647F300CD1909 /* ExitAlertView.swift in Sources */ = {isa = PBXBuildFile; fileRef = AC52783A2BF647F300CD1909 /* ExitAlertView.swift */; };
		AC52783E2BF6491F00CD1909 /* ExitAlert+View.swift in Sources */ = {isa = PBXBuildFile; fileRef = AC52783D2BF6491F00CD1909 /* ExitAlert+View.swift */; };
		AC5278402BF6495300CD1909 /* ContentViewOne1.swift in Sources */ = {isa = PBXBuildFile; fileRef = AC52783F2BF6495300CD1909 /* ContentViewOne1.swift */; };
		AC5278422BF6497D00CD1909 /* ExitAlertModifier.swift in Sources */ = {isa = PBXBuildFile; fileRef = AC5278412BF6497D00CD1909 /* ExitAlertModifier.swift */; };
		AC5278452BF649C600CD1909 /* ContentViewOne2.swift in Sources */ = {isa = PBXBuildFile; fileRef = AC5278442BF649C600CD1909 /* ContentViewOne2.swift */; };
		AC5B1B042BDAEEAF0063ABA5 /* UserAuthorizationBMView.swift in Sources */ = {isa = PBXBuildFile; fileRef = AC5B1B032BDAEEAF0063ABA5 /* UserAuthorizationBMView.swift */; };
		AC6B92722B9F088200542B04 /* SwiftUIView.swift in Sources */ = {isa = PBXBuildFile; fileRef = AC6B92712B9F088200542B04 /* SwiftUIView.swift */; };
		AC72FA642B513E2C009E60AB /* ForTestsApp.swift in Sources */ = {isa = PBXBuildFile; fileRef = AC72FA632B513E2C009E60AB /* ForTestsApp.swift */; };
		AC72FA682B513E2E009E60AB /* Assets.xcassets in Resources */ = {isa = PBXBuildFile; fileRef = AC72FA672B513E2E009E60AB /* Assets.xcassets */; };
		AC72FA6B2B513E2E009E60AB /* Preview Assets.xcassets in Resources */ = {isa = PBXBuildFile; fileRef = AC72FA6A2B513E2E009E60AB /* Preview Assets.xcassets */; };
		AC82964B2B5E583F008383B0 /* PinnedUIView.swift in Sources */ = {isa = PBXBuildFile; fileRef = AC8296482B5E583F008383B0 /* PinnedUIView.swift */; };
		AC82964C2B5E583F008383B0 /* ScrollDirectionCustomGesture.swift in Sources */ = {isa = PBXBuildFile; fileRef = AC8296492B5E583F008383B0 /* ScrollDirectionCustomGesture.swift */; };
		AC82964D2B5E583F008383B0 /* ScrollDirectionView.swift in Sources */ = {isa = PBXBuildFile; fileRef = AC82964A2B5E583F008383B0 /* ScrollDirectionView.swift */; };
		AC89BFFC2C04B462006BE793 /* QuickSearchView.swift in Sources */ = {isa = PBXBuildFile; fileRef = AC89BFFB2C04B462006BE793 /* QuickSearchView.swift */; };
		AC89BFFE2C04B57A006BE793 /* QuickSearchListFoundDocuments.swift in Sources */ = {isa = PBXBuildFile; fileRef = AC89BFFD2C04B57A006BE793 /* QuickSearchListFoundDocuments.swift */; };
		AC89C0122C04D5F8006BE793 /* ContentView.swift in Sources */ = {isa = PBXBuildFile; fileRef = AC89C0112C04D5F8006BE793 /* ContentView.swift */; };
		AC89C0142C05D193006BE793 /* MultilineTextFieldView.swift in Sources */ = {isa = PBXBuildFile; fileRef = AC89C0132C05D193006BE793 /* MultilineTextFieldView.swift */; };
		AC89C0182C071C9F006BE793 /* DynamicHeightTextEditor.swift in Sources */ = {isa = PBXBuildFile; fileRef = AC89C0172C071C9F006BE793 /* DynamicHeightTextEditor.swift */; };
		AC941F7D2B552D800092C9D6 /* SwiftUIView4.swift in Sources */ = {isa = PBXBuildFile; fileRef = AC941F7C2B552D800092C9D6 /* SwiftUIView4.swift */; };
		AC97383C2B639C1D00E3F642 /* SwiftUIView12345.swift in Sources */ = {isa = PBXBuildFile; fileRef = AC97383B2B639C1D00E3F642 /* SwiftUIView12345.swift */; };
		AC9C22112C5A555200D59037 /* SwiftUIViewTangem.swift in Sources */ = {isa = PBXBuildFile; fileRef = AC9C22102C5A555200D59037 /* SwiftUIViewTangem.swift */; };
		ACB98E3E2C22DF4500831CC7 /* CustomResizableLogoutInfoSheetView.swift in Sources */ = {isa = PBXBuildFile; fileRef = ACB98E3D2C22DF4500831CC7 /* CustomResizableLogoutInfoSheetView.swift */; };
		ACC20EBB2B98C3E1006EF14C /* UINavigationController+UIGestureRecognizerDelegate.swift in Sources */ = {isa = PBXBuildFile; fileRef = ACC20EBA2B98C3E1006EF14C /* UINavigationController+UIGestureRecognizerDelegate.swift */; };
		ACDEFE152BEB7F41006E0CD1 /* UserAuthorizationBM.swift in Sources */ = {isa = PBXBuildFile; fileRef = ACDEFE142BEB7F41006E0CD1 /* UserAuthorizationBM.swift */; };
		ACDEFE172BEB7F53006E0CD1 /* UserAuthorizationFieldType.swift in Sources */ = {isa = PBXBuildFile; fileRef = ACDEFE162BEB7F53006E0CD1 /* UserAuthorizationFieldType.swift */; };
		ACDEFE192BEB7F76006E0CD1 /* View+HideKeyboard.swift in Sources */ = {isa = PBXBuildFile; fileRef = ACDEFE182BEB7F76006E0CD1 /* View+HideKeyboard.swift */; };
		ACDFF39F2B570F8F000A6AAA /* StackoverflowSwiftUIView.swift in Sources */ = {isa = PBXBuildFile; fileRef = ACDFF39E2B570F8F000A6AAA /* StackoverflowSwiftUIView.swift */; };
		ACDFF3A32B5712C0000A6AAA /* StackoverflowSwiftUIView2.swift in Sources */ = {isa = PBXBuildFile; fileRef = ACDFF3A22B5712C0000A6AAA /* StackoverflowSwiftUIView2.swift */; };
		ACFEDC702B83A064002B3C66 /* Skeleton.swift in Sources */ = {isa = PBXBuildFile; fileRef = ACFEDC6F2B83A064002B3C66 /* Skeleton.swift */; };
		ACFEDC742B83A246002B3C66 /* View+OnFirstAppear.swift in Sources */ = {isa = PBXBuildFile; fileRef = ACFEDC732B83A246002B3C66 /* View+OnFirstAppear.swift */; };
		ACFEDC762B83A2A6002B3C66 /* View+Padding.swift in Sources */ = {isa = PBXBuildFile; fileRef = ACFEDC752B83A2A6002B3C66 /* View+Padding.swift */; };
		ACFEDC782B83A2C3002B3C66 /* View+Hidden.swift in Sources */ = {isa = PBXBuildFile; fileRef = ACFEDC772B83A2C3002B3C66 /* View+Hidden.swift */; };
		ACFEDC7B2B83A333002B3C66 /* DisableScrollingModifier.swift in Sources */ = {isa = PBXBuildFile; fileRef = ACFEDC7A2B83A333002B3C66 /* DisableScrollingModifier.swift */; };
/* End PBXBuildFile section */

/* Begin PBXFileReference section */
		AC03622A2C1879AC0033B781 /* View4.swift */ = {isa = PBXFileReference; lastKnownFileType = sourcecode.swift; path = View4.swift; sourceTree = "<group>"; };
		AC03622C2C187D7D0033B781 /* View5.swift */ = {isa = PBXFileReference; lastKnownFileType = sourcecode.swift; path = View5.swift; sourceTree = "<group>"; };
		AC03622E2C1B10E00033B781 /* MainView5.swift */ = {isa = PBXFileReference; lastKnownFileType = sourcecode.swift; path = MainView5.swift; sourceTree = "<group>"; };
		AC366EAD2C2034760029AA9A /* MenuSwiftUIView2.swift */ = {isa = PBXFileReference; lastKnownFileType = sourcecode.swift; path = MenuSwiftUIView2.swift; sourceTree = "<group>"; };
		AC366EB22C20666C0029AA9A /* DropDown.swift */ = {isa = PBXFileReference; lastKnownFileType = sourcecode.swift; path = DropDown.swift; sourceTree = "<group>"; };
		AC366EB42C2066B40029AA9A /* MenuSwiftUIView3.swift */ = {isa = PBXFileReference; lastKnownFileType = sourcecode.swift; path = MenuSwiftUIView3.swift; sourceTree = "<group>"; };
		AC366EB72C2069A90029AA9A /* DropDownView.swift */ = {isa = PBXFileReference; lastKnownFileType = sourcecode.swift; path = DropDownView.swift; sourceTree = "<group>"; };
		AC366EB92C2069DC0029AA9A /* MenuSwiftUIView4.swift */ = {isa = PBXFileReference; lastKnownFileType = sourcecode.swift; path = MenuSwiftUIView4.swift; sourceTree = "<group>"; };
		AC366EBD2C2074F00029AA9A /* MenuSwiftUIView11.swift */ = {isa = PBXFileReference; lastKnownFileType = sourcecode.swift; path = MenuSwiftUIView11.swift; sourceTree = "<group>"; };
		AC366EC02C2075300029AA9A /* DropDown4.swift */ = {isa = PBXFileReference; lastKnownFileType = sourcecode.swift; path = DropDown4.swift; sourceTree = "<group>"; };
		AC366EC22C20757E0029AA9A /* DropDownMenuDemo4.swift */ = {isa = PBXFileReference; lastKnownFileType = sourcecode.swift; path = DropDownMenuDemo4.swift; sourceTree = "<group>"; };
		AC366EC62C2182740029AA9A /* SwiftUIView11111.swift */ = {isa = PBXFileReference; lastKnownFileType = sourcecode.swift; path = SwiftUIView11111.swift; sourceTree = "<group>"; };
		AC366EC92C219B850029AA9A /* ResizableLogoutInfoSheetView.swift */ = {isa = PBXFileReference; lastKnownFileType = sourcecode.swift; path = ResizableLogoutInfoSheetView.swift; sourceTree = "<group>"; };
		AC366ECB2C21C0AF0029AA9A /* SheetStartTest.swift */ = {isa = PBXFileReference; lastKnownFileType = sourcecode.swift; path = SheetStartTest.swift; sourceTree = "<group>"; };
		AC42383F2C11A6C50035B3CE /* SwiftUIView123231.swift */ = {isa = PBXFileReference; lastKnownFileType = sourcecode.swift; path = SwiftUIView123231.swift; sourceTree = "<group>"; };
		AC4CB8B52B63E0350058C263 /* DemoOfHidingPanelView.swift */ = {isa = PBXFileReference; lastKnownFileType = sourcecode.swift; path = DemoOfHidingPanelView.swift; sourceTree = "<group>"; };
		AC52780C2BF37BF700CD1909 /* BottomSheetModifierNew+View.swift */ = {isa = PBXFileReference; lastKnownFileType = sourcecode.swift; path = "BottomSheetModifierNew+View.swift"; sourceTree = "<group>"; };
		AC52780E2BF37C7700CD1909 /* ScrollablePanelView.swift */ = {isa = PBXFileReference; lastKnownFileType = sourcecode.swift; path = ScrollablePanelView.swift; sourceTree = "<group>"; };
		AC5278112BF37D2800CD1909 /* KeyboardHelper.swift */ = {isa = PBXFileReference; lastKnownFileType = sourcecode.swift; path = KeyboardHelper.swift; sourceTree = "<group>"; };
		AC5278132BF385DC00CD1909 /* PanelViewNew.swift */ = {isa = PBXFileReference; lastKnownFileType = sourcecode.swift; path = PanelViewNew.swift; sourceTree = "<group>"; };
		AC5278152BF386E400CD1909 /* PanelViewIndicator.swift */ = {isa = PBXFileReference; lastKnownFileType = sourcecode.swift; path = PanelViewIndicator.swift; sourceTree = "<group>"; };
		AC5278172BF388F700CD1909 /* BottomSheet.swift */ = {isa = PBXFileReference; lastKnownFileType = sourcecode.swift; path = BottomSheet.swift; sourceTree = "<group>"; };
		AC5278192BF38AE800CD1909 /* DialogView.swift */ = {isa = PBXFileReference; lastKnownFileType = sourcecode.swift; path = DialogView.swift; sourceTree = "<group>"; };
		AC52781C2BF38B7C00CD1909 /* ExitCurtainView.swift */ = {isa = PBXFileReference; lastKnownFileType = sourcecode.swift; path = ExitCurtainView.swift; sourceTree = "<group>"; };
		AC52781E2BF3941A00CD1909 /* MainCurtainView.swift */ = {isa = PBXFileReference; lastKnownFileType = sourcecode.swift; path = MainCurtainView.swift; sourceTree = "<group>"; };
		AC5278202BF4CF7700CD1909 /* AlertContentView.swift */ = {isa = PBXFileReference; lastKnownFileType = sourcecode.swift; path = AlertContentView.swift; sourceTree = "<group>"; };
		AC5278292BF4E9F700CD1909 /* BottomSheetView.swift */ = {isa = PBXFileReference; lastKnownFileType = sourcecode.swift; path = BottomSheetView.swift; sourceTree = "<group>"; };
		AC52782B2BF4ED2C00CD1909 /* ResizableSheetsView.swift */ = {isa = PBXFileReference; lastKnownFileType = sourcecode.swift; path = ResizableSheetsView.swift; sourceTree = "<group>"; };
		AC52782D2BF4ED6F00CD1909 /* ResizableSheets2View.swift */ = {isa = PBXFileReference; lastKnownFileType = sourcecode.swift; path = ResizableSheets2View.swift; sourceTree = "<group>"; };
		AC5278332BF6468600CD1909 /* CustomAlertView.swift */ = {isa = PBXFileReference; lastKnownFileType = sourcecode.swift; path = CustomAlertView.swift; sourceTree = "<group>"; };
		AC5278352BF646C100CD1909 /* ContentViewOne.swift */ = {isa = PBXFileReference; lastKnownFileType = sourcecode.swift; path = ContentViewOne.swift; sourceTree = "<group>"; };
		AC5278372BF647A500CD1909 /* ContentViewTwo.swift */ = {isa = PBXFileReference; lastKnownFileType = sourcecode.swift; path = ContentViewTwo.swift; sourceTree = "<group>"; };
		AC52783A2BF647F300CD1909 /* ExitAlertView.swift */ = {isa = PBXFileReference; lastKnownFileType = sourcecode.swift; path = ExitAlertView.swift; sourceTree = "<group>"; };
		AC52783D2BF6491F00CD1909 /* ExitAlert+View.swift */ = {isa = PBXFileReference; lastKnownFileType = sourcecode.swift; path = "ExitAlert+View.swift"; sourceTree = "<group>"; };
		AC52783F2BF6495300CD1909 /* ContentViewOne1.swift */ = {isa = PBXFileReference; lastKnownFileType = sourcecode.swift; path = ContentViewOne1.swift; sourceTree = "<group>"; };
		AC5278412BF6497D00CD1909 /* ExitAlertModifier.swift */ = {isa = PBXFileReference; lastKnownFileType = sourcecode.swift; path = ExitAlertModifier.swift; sourceTree = "<group>"; };
		AC5278442BF649C600CD1909 /* ContentViewOne2.swift */ = {isa = PBXFileReference; lastKnownFileType = sourcecode.swift; path = ContentViewOne2.swift; sourceTree = "<group>"; };
		AC5B1B032BDAEEAF0063ABA5 /* UserAuthorizationBMView.swift */ = {isa = PBXFileReference; lastKnownFileType = sourcecode.swift; path = UserAuthorizationBMView.swift; sourceTree = "<group>"; };
		AC6B92712B9F088200542B04 /* SwiftUIView.swift */ = {isa = PBXFileReference; lastKnownFileType = sourcecode.swift; path = SwiftUIView.swift; sourceTree = "<group>"; };
		AC72FA602B513E2C009E60AB /* ForTests.app */ = {isa = PBXFileReference; explicitFileType = wrapper.application; includeInIndex = 0; path = ForTests.app; sourceTree = BUILT_PRODUCTS_DIR; };
		AC72FA632B513E2C009E60AB /* ForTestsApp.swift */ = {isa = PBXFileReference; lastKnownFileType = sourcecode.swift; path = ForTestsApp.swift; sourceTree = "<group>"; };
		AC72FA672B513E2E009E60AB /* Assets.xcassets */ = {isa = PBXFileReference; lastKnownFileType = folder.assetcatalog; path = Assets.xcassets; sourceTree = "<group>"; };
		AC72FA6A2B513E2E009E60AB /* Preview Assets.xcassets */ = {isa = PBXFileReference; lastKnownFileType = folder.assetcatalog; path = "Preview Assets.xcassets"; sourceTree = "<group>"; };
		AC8296482B5E583F008383B0 /* PinnedUIView.swift */ = {isa = PBXFileReference; fileEncoding = 4; lastKnownFileType = sourcecode.swift; path = PinnedUIView.swift; sourceTree = "<group>"; };
		AC8296492B5E583F008383B0 /* ScrollDirectionCustomGesture.swift */ = {isa = PBXFileReference; fileEncoding = 4; lastKnownFileType = sourcecode.swift; path = ScrollDirectionCustomGesture.swift; sourceTree = "<group>"; };
		AC82964A2B5E583F008383B0 /* ScrollDirectionView.swift */ = {isa = PBXFileReference; fileEncoding = 4; lastKnownFileType = sourcecode.swift; path = ScrollDirectionView.swift; sourceTree = "<group>"; };
		AC89BFFB2C04B462006BE793 /* QuickSearchView.swift */ = {isa = PBXFileReference; lastKnownFileType = sourcecode.swift; path = QuickSearchView.swift; sourceTree = "<group>"; };
		AC89BFFD2C04B57A006BE793 /* QuickSearchListFoundDocuments.swift */ = {isa = PBXFileReference; lastKnownFileType = sourcecode.swift; path = QuickSearchListFoundDocuments.swift; sourceTree = "<group>"; };
		AC89C0112C04D5F8006BE793 /* ContentView.swift */ = {isa = PBXFileReference; lastKnownFileType = sourcecode.swift; path = ContentView.swift; sourceTree = "<group>"; };
		AC89C0132C05D193006BE793 /* MultilineTextFieldView.swift */ = {isa = PBXFileReference; lastKnownFileType = sourcecode.swift; path = MultilineTextFieldView.swift; sourceTree = "<group>"; };
		AC89C0172C071C9F006BE793 /* DynamicHeightTextEditor.swift */ = {isa = PBXFileReference; lastKnownFileType = sourcecode.swift; path = DynamicHeightTextEditor.swift; sourceTree = "<group>"; };
		AC941F7C2B552D800092C9D6 /* SwiftUIView4.swift */ = {isa = PBXFileReference; lastKnownFileType = sourcecode.swift; path = SwiftUIView4.swift; sourceTree = "<group>"; };
		AC97383B2B639C1D00E3F642 /* SwiftUIView12345.swift */ = {isa = PBXFileReference; lastKnownFileType = sourcecode.swift; path = SwiftUIView12345.swift; sourceTree = "<group>"; };
		AC9C22102C5A555200D59037 /* SwiftUIViewTangem.swift */ = {isa = PBXFileReference; lastKnownFileType = sourcecode.swift; path = SwiftUIViewTangem.swift; sourceTree = "<group>"; };
		ACB98E3D2C22DF4500831CC7 /* CustomResizableLogoutInfoSheetView.swift */ = {isa = PBXFileReference; lastKnownFileType = sourcecode.swift; path = CustomResizableLogoutInfoSheetView.swift; sourceTree = "<group>"; };
		ACC20EBA2B98C3E1006EF14C /* UINavigationController+UIGestureRecognizerDelegate.swift */ = {isa = PBXFileReference; lastKnownFileType = sourcecode.swift; path = "UINavigationController+UIGestureRecognizerDelegate.swift"; sourceTree = "<group>"; };
		ACDEFE142BEB7F41006E0CD1 /* UserAuthorizationBM.swift */ = {isa = PBXFileReference; lastKnownFileType = sourcecode.swift; path = UserAuthorizationBM.swift; sourceTree = "<group>"; };
		ACDEFE162BEB7F53006E0CD1 /* UserAuthorizationFieldType.swift */ = {isa = PBXFileReference; lastKnownFileType = sourcecode.swift; path = UserAuthorizationFieldType.swift; sourceTree = "<group>"; };
		ACDEFE182BEB7F76006E0CD1 /* View+HideKeyboard.swift */ = {isa = PBXFileReference; lastKnownFileType = sourcecode.swift; path = "View+HideKeyboard.swift"; sourceTree = "<group>"; };
		ACDFF39E2B570F8F000A6AAA /* StackoverflowSwiftUIView.swift */ = {isa = PBXFileReference; lastKnownFileType = sourcecode.swift; path = StackoverflowSwiftUIView.swift; sourceTree = "<group>"; };
		ACDFF3A22B5712C0000A6AAA /* StackoverflowSwiftUIView2.swift */ = {isa = PBXFileReference; lastKnownFileType = sourcecode.swift; path = StackoverflowSwiftUIView2.swift; sourceTree = "<group>"; };
		ACFEDC6F2B83A064002B3C66 /* Skeleton.swift */ = {isa = PBXFileReference; lastKnownFileType = sourcecode.swift; path = Skeleton.swift; sourceTree = "<group>"; };
		ACFEDC732B83A246002B3C66 /* View+OnFirstAppear.swift */ = {isa = PBXFileReference; lastKnownFileType = sourcecode.swift; path = "View+OnFirstAppear.swift"; sourceTree = "<group>"; };
		ACFEDC752B83A2A6002B3C66 /* View+Padding.swift */ = {isa = PBXFileReference; lastKnownFileType = sourcecode.swift; path = "View+Padding.swift"; sourceTree = "<group>"; };
		ACFEDC772B83A2C3002B3C66 /* View+Hidden.swift */ = {isa = PBXFileReference; lastKnownFileType = sourcecode.swift; path = "View+Hidden.swift"; sourceTree = "<group>"; };
		ACFEDC7A2B83A333002B3C66 /* DisableScrollingModifier.swift */ = {isa = PBXFileReference; lastKnownFileType = sourcecode.swift; path = DisableScrollingModifier.swift; sourceTree = "<group>"; };
/* End PBXFileReference section */

/* Begin PBXFrameworksBuildPhase section */
		AC72FA5D2B513E2C009E60AB /* Frameworks */ = {
			isa = PBXFrameworksBuildPhase;
			buildActionMask = 2147483647;
			files = (
			);
			runOnlyForDeploymentPostprocessing = 0;
		};
/* End PBXFrameworksBuildPhase section */

/* Begin PBXGroup section */
		AC0362292C1879840033B781 /* Tran */ = {
			isa = PBXGroup;
			children = (
				AC03622A2C1879AC0033B781 /* View4.swift */,
				AC03622C2C187D7D0033B781 /* View5.swift */,
				AC03622E2C1B10E00033B781 /* MainView5.swift */,
			);
			path = Tran;
			sourceTree = "<group>";
		};
		AC2E18012B8DF7ED001A1485 /* Coordinator */ = {
			isa = PBXGroup;
			children = (
			);
			path = Coordinator;
			sourceTree = "<group>";
		};
		AC366EAC2C20345D0029AA9A /* Menu */ = {
			isa = PBXGroup;
			children = (
				AC366EBF2C2075260029AA9A /* DropDown4 */,
				AC366EBB2C2074AA0029AA9A /* DropDown3 */,
				AC366EB62C2069940029AA9A /* DropDown2 */,
				AC366EAD2C2034760029AA9A /* MenuSwiftUIView2.swift */,
				AC366EBC2C2074BA0029AA9A /* DropDown1 */,
				AC366EB12C2066610029AA9A /* DropDown */,
			);
			path = Menu;
			sourceTree = "<group>";
		};
		AC366EB12C2066610029AA9A /* DropDown */ = {
			isa = PBXGroup;
			children = (
				AC366EB22C20666C0029AA9A /* DropDown.swift */,
				AC366EB42C2066B40029AA9A /* MenuSwiftUIView3.swift */,
			);
			path = DropDown;
			sourceTree = "<group>";
		};
		AC366EB62C2069940029AA9A /* DropDown2 */ = {
			isa = PBXGroup;
			children = (
				AC366EB72C2069A90029AA9A /* DropDownView.swift */,
				AC366EB92C2069DC0029AA9A /* MenuSwiftUIView4.swift */,
			);
			path = DropDown2;
			sourceTree = "<group>";
		};
		AC366EBB2C2074AA0029AA9A /* DropDown3 */ = {
			isa = PBXGroup;
			children = (
				AC366EC62C2182740029AA9A /* SwiftUIView11111.swift */,
			);
			path = DropDown3;
			sourceTree = "<group>";
		};
		AC366EBC2C2074BA0029AA9A /* DropDown1 */ = {
			isa = PBXGroup;
			children = (
				AC366EBD2C2074F00029AA9A /* MenuSwiftUIView11.swift */,
			);
			path = DropDown1;
			sourceTree = "<group>";
		};
		AC366EBF2C2075260029AA9A /* DropDown4 */ = {
			isa = PBXGroup;
			children = (
				AC366EC02C2075300029AA9A /* DropDown4.swift */,
				AC366EC22C20757E0029AA9A /* DropDownMenuDemo4.swift */,
			);
			path = DropDown4;
			sourceTree = "<group>";
		};
		AC366EC82C219B730029AA9A /* Sheet */ = {
			isa = PBXGroup;
			children = (
				ACB98E3C2C22DF3200831CC7 /* IOS14 */,
				AC366EC92C219B850029AA9A /* ResizableLogoutInfoSheetView.swift */,
				AC366ECB2C21C0AF0029AA9A /* SheetStartTest.swift */,
			);
			path = Sheet;
			sourceTree = "<group>";
		};
		AC4CB8B72B63E1C80058C263 /* DisappearanceOfTopPanel */ = {
			isa = PBXGroup;
			children = (
				ACDFF39D2B570F6C000A6AAA /* Stackoverflow */,
				AC8296472B5E57D5008383B0 /* Nata */,
			);
			path = DisappearanceOfTopPanel;
			sourceTree = "<group>";
		};
		AC5278082BF369EB00CD1909 /* Test */ = {
			isa = PBXGroup;
			children = (
				AC941F7C2B552D800092C9D6 /* SwiftUIView4.swift */,
				AC97383B2B639C1D00E3F642 /* SwiftUIView12345.swift */,
				AC6B92712B9F088200542B04 /* SwiftUIView.swift */,
			);
			name = Test;
			path = ../Test;
			sourceTree = "<group>";
		};
		AC5278092BF369FB00CD1909 /* New */ = {
			isa = PBXGroup;
			children = (
				AC5278292BF4E9F700CD1909 /* BottomSheetView.swift */,
				AC5278222BF4D97800CD1909 /* Done */,
				AC5278102BF37CA300CD1909 /* BottomSheetNew */,
				AC52781B2BF38B6200CD1909 /* View */,
			);
			path = New;
			sourceTree = "<group>";
		};
		AC5278102BF37CA300CD1909 /* BottomSheetNew */ = {
			isa = PBXGroup;
			children = (
				AC52780C2BF37BF700CD1909 /* BottomSheetModifierNew+View.swift */,
				AC5278112BF37D2800CD1909 /* KeyboardHelper.swift */,
			);
			path = BottomSheetNew;
			sourceTree = "<group>";
		};
		AC52781B2BF38B6200CD1909 /* View */ = {
			isa = PBXGroup;
			children = (
				AC5278132BF385DC00CD1909 /* PanelViewNew.swift */,
				AC5278152BF386E400CD1909 /* PanelViewIndicator.swift */,
				AC5278172BF388F700CD1909 /* BottomSheet.swift */,
				AC5278192BF38AE800CD1909 /* DialogView.swift */,
				AC52780E2BF37C7700CD1909 /* ScrollablePanelView.swift */,
			);
			path = View;
			sourceTree = "<group>";
		};
		AC5278222BF4D97800CD1909 /* Done */ = {
			isa = PBXGroup;
			children = (
				AC52782F2BF5F9EA00CD1909 /* 16 */,
				AC5278312BF5FA1700CD1909 /* 14 */,
				AC5278302BF5FA0900CD1909 /* Alert */,
			);
			path = Done;
			sourceTree = "<group>";
		};
		AC52782F2BF5F9EA00CD1909 /* 16 */ = {
			isa = PBXGroup;
			children = (
				AC52782B2BF4ED2C00CD1909 /* ResizableSheetsView.swift */,
				AC52782D2BF4ED6F00CD1909 /* ResizableSheets2View.swift */,
			);
			path = 16;
			sourceTree = "<group>";
		};
		AC5278302BF5FA0900CD1909 /* Alert */ = {
			isa = PBXGroup;
			children = (
				AC5278432BF6498900CD1909 /* ViewModifier */,
				AC52783C2BF648EF00CD1909 /* Extension */,
				AC5278392BF647DD00CD1909 /* Two */,
				AC5278322BF6467200CD1909 /* GO */,
				AC5278202BF4CF7700CD1909 /* AlertContentView.swift */,
			);
			name = Alert;
			sourceTree = "<group>";
		};
		AC5278312BF5FA1700CD1909 /* 14 */ = {
			isa = PBXGroup;
			children = (
				AC52781E2BF3941A00CD1909 /* MainCurtainView.swift */,
				AC52781C2BF38B7C00CD1909 /* ExitCurtainView.swift */,
			);
			path = 14;
			sourceTree = "<group>";
		};
		AC5278322BF6467200CD1909 /* GO */ = {
			isa = PBXGroup;
			children = (
				AC5278332BF6468600CD1909 /* CustomAlertView.swift */,
				AC5278352BF646C100CD1909 /* ContentViewOne.swift */,
			);
			name = GO;
			sourceTree = "<group>";
		};
		AC5278392BF647DD00CD1909 /* Two */ = {
			isa = PBXGroup;
			children = (
				AC5278372BF647A500CD1909 /* ContentViewTwo.swift */,
				AC52783A2BF647F300CD1909 /* ExitAlertView.swift */,
			);
			name = Two;
			sourceTree = "<group>";
		};
		AC52783C2BF648EF00CD1909 /* Extension */ = {
			isa = PBXGroup;
			children = (
				AC52783D2BF6491F00CD1909 /* ExitAlert+View.swift */,
				AC52783F2BF6495300CD1909 /* ContentViewOne1.swift */,
			);
			name = Extension;
			sourceTree = "<group>";
		};
		AC5278432BF6498900CD1909 /* ViewModifier */ = {
			isa = PBXGroup;
			children = (
				AC5278412BF6497D00CD1909 /* ExitAlertModifier.swift */,
				AC5278442BF649C600CD1909 /* ContentViewOne2.swift */,
			);
			name = ViewModifier;
			sourceTree = "<group>";
		};
		AC72FA572B513E2C009E60AB = {
			isa = PBXGroup;
			children = (
				ACFEDC6D2B839FF7002B3C66 /* CanBeUsed */,
				AC72FA622B513E2C009E60AB /* ForTests */,
				AC72FA612B513E2C009E60AB /* Products */,
			);
			sourceTree = "<group>";
		};
		AC72FA612B513E2C009E60AB /* Products */ = {
			isa = PBXGroup;
			children = (
				AC72FA602B513E2C009E60AB /* ForTests.app */,
			);
			name = Products;
			sourceTree = "<group>";
		};
		AC72FA622B513E2C009E60AB /* ForTests */ = {
			isa = PBXGroup;
			children = (
				AC72FA632B513E2C009E60AB /* ForTestsApp.swift */,
				ACDFF39C2B570F3C000A6AAA /* Delete */,
				ACDFF39B2B570F08000A6AAA /* Work */,
				AC72FA672B513E2E009E60AB /* Assets.xcassets */,
				AC72FA692B513E2E009E60AB /* Preview Content */,
			);
			path = ForTests;
			sourceTree = "<group>";
		};
		AC72FA692B513E2E009E60AB /* Preview Content */ = {
			isa = PBXGroup;
			children = (
				AC72FA6A2B513E2E009E60AB /* Preview Assets.xcassets */,
			);
			path = "Preview Content";
			sourceTree = "<group>";
		};
		AC8296472B5E57D5008383B0 /* Nata */ = {
			isa = PBXGroup;
			children = (
				AC4CB8B52B63E0350058C263 /* DemoOfHidingPanelView.swift */,
				AC8296482B5E583F008383B0 /* PinnedUIView.swift */,
				AC82964A2B5E583F008383B0 /* ScrollDirectionView.swift */,
				AC8296492B5E583F008383B0 /* ScrollDirectionCustomGesture.swift */,
			);
			path = Nata;
			sourceTree = "<group>";
		};
		AC89BFFA2C04B456006BE793 /* QuickSearch */ = {
			isa = PBXGroup;
			children = (
				AC89BFFB2C04B462006BE793 /* QuickSearchView.swift */,
				AC89BFFD2C04B57A006BE793 /* QuickSearchListFoundDocuments.swift */,
				AC89C0112C04D5F8006BE793 /* ContentView.swift */,
				AC89C0132C05D193006BE793 /* MultilineTextFieldView.swift */,
				AC89C0172C071C9F006BE793 /* DynamicHeightTextEditor.swift */,
				AC42383F2C11A6C50035B3CE /* SwiftUIView123231.swift */,
			);
			path = QuickSearch;
			sourceTree = "<group>";
		};
		ACB98E3C2C22DF3200831CC7 /* IOS14 */ = {
			isa = PBXGroup;
			children = (
				ACB98E3D2C22DF4500831CC7 /* CustomResizableLogoutInfoSheetView.swift */,
			);
			path = IOS14;
			sourceTree = "<group>";
		};
		ACC496D92C8B1C4800EAA344 /* Old */ = {
			isa = PBXGroup;
			children = (
				AC366EC82C219B730029AA9A /* Sheet */,
				AC366EAC2C20345D0029AA9A /* Menu */,
				AC0362292C1879840033B781 /* Tran */,
				AC89BFFA2C04B456006BE793 /* QuickSearch */,
				AC5278092BF369FB00CD1909 /* New */,
				AC5278082BF369EB00CD1909 /* Test */,
				ACDEFE112BEB7F15006E0CD1 /* BM */,
			);
			path = Old;
			sourceTree = "<group>";
		};
		ACC496DA2C8B1C5800EAA344 /* New */ = {
			isa = PBXGroup;
			children = (
			);
			path = New;
			sourceTree = "<group>";
		};
		ACDEFE112BEB7F15006E0CD1 /* BM */ = {
			isa = PBXGroup;
			children = (
				ACDEFE182BEB7F76006E0CD1 /* View+HideKeyboard.swift */,
				ACDEFE122BEB7F28006E0CD1 /* Model */,
				AC5B1B032BDAEEAF0063ABA5 /* UserAuthorizationBMView.swift */,
				AC9C22102C5A555200D59037 /* SwiftUIViewTangem.swift */,
			);
			path = BM;
			sourceTree = "<group>";
		};
		ACDEFE122BEB7F28006E0CD1 /* Model */ = {
			isa = PBXGroup;
			children = (
				ACDEFE142BEB7F41006E0CD1 /* UserAuthorizationBM.swift */,
				ACDEFE162BEB7F53006E0CD1 /* UserAuthorizationFieldType.swift */,
			);
			path = Model;
			sourceTree = "<group>";
		};
		ACDFF39B2B570F08000A6AAA /* Work */ = {
			isa = PBXGroup;
			children = (
				ACC496DA2C8B1C5800EAA344 /* New */,
				ACC496D92C8B1C4800EAA344 /* Old */,
			);
			path = Work;
			sourceTree = "<group>";
		};
		ACDFF39C2B570F3C000A6AAA /* Delete */ = {
			isa = PBXGroup;
			children = (
			);
			path = Delete;
			sourceTree = "<group>";
		};
		ACDFF39D2B570F6C000A6AAA /* Stackoverflow */ = {
			isa = PBXGroup;
			children = (
				ACDFF39E2B570F8F000A6AAA /* StackoverflowSwiftUIView.swift */,
				ACDFF3A22B5712C0000A6AAA /* StackoverflowSwiftUIView2.swift */,
			);
			path = Stackoverflow;
			sourceTree = "<group>";
		};
		ACFEDC6D2B839FF7002B3C66 /* CanBeUsed */ = {
			isa = PBXGroup;
			children = (
				AC2E18012B8DF7ED001A1485 /* Coordinator */,
				ACFEDC7C2B83A4A7002B3C66 /* View */,
				ACFEDC792B83A327002B3C66 /* Modifiers */,
				ACFEDC712B83A21C002B3C66 /* Extensions */,
			);
			path = CanBeUsed;
			sourceTree = "<group>";
		};
		ACFEDC6E2B83A051002B3C66 /* Skeleton */ = {
			isa = PBXGroup;
			children = (
				ACFEDC6F2B83A064002B3C66 /* Skeleton.swift */,
			);
			path = Skeleton;
			sourceTree = "<group>";
		};
		ACFEDC712B83A21C002B3C66 /* Extensions */ = {
			isa = PBXGroup;
			children = (
				ACC20EBA2B98C3E1006EF14C /* UINavigationController+UIGestureRecognizerDelegate.swift */,
				ACFEDC722B83A22C002B3C66 /* View */,
			);
			path = Extensions;
			sourceTree = "<group>";
		};
		ACFEDC722B83A22C002B3C66 /* View */ = {
			isa = PBXGroup;
			children = (
				ACFEDC732B83A246002B3C66 /* View+OnFirstAppear.swift */,
				ACFEDC752B83A2A6002B3C66 /* View+Padding.swift */,
				ACFEDC772B83A2C3002B3C66 /* View+Hidden.swift */,
			);
			path = View;
			sourceTree = "<group>";
		};
		ACFEDC792B83A327002B3C66 /* Modifiers */ = {
			isa = PBXGroup;
			children = (
				ACFEDC7A2B83A333002B3C66 /* DisableScrollingModifier.swift */,
			);
			path = Modifiers;
			sourceTree = "<group>";
		};
		ACFEDC7C2B83A4A7002B3C66 /* View */ = {
			isa = PBXGroup;
			children = (
				AC4CB8B72B63E1C80058C263 /* DisappearanceOfTopPanel */,
				ACFEDC6E2B83A051002B3C66 /* Skeleton */,
			);
			path = View;
			sourceTree = "<group>";
		};
/* End PBXGroup section */

/* Begin PBXNativeTarget section */
		AC72FA5F2B513E2C009E60AB /* ForTests */ = {
			isa = PBXNativeTarget;
			buildConfigurationList = AC72FA6E2B513E2E009E60AB /* Build configuration list for PBXNativeTarget "ForTests" */;
			buildPhases = (
				AC72FA5C2B513E2C009E60AB /* Sources */,
				AC72FA5D2B513E2C009E60AB /* Frameworks */,
				AC72FA5E2B513E2C009E60AB /* Resources */,
			);
			buildRules = (
			);
			dependencies = (
			);
			name = ForTests;
			productName = ForTests;
			productReference = AC72FA602B513E2C009E60AB /* ForTests.app */;
			productType = "com.apple.product-type.application";
		};
/* End PBXNativeTarget section */

/* Begin PBXProject section */
		AC72FA582B513E2C009E60AB /* Project object */ = {
			isa = PBXProject;
			attributes = {
				BuildIndependentTargetsInParallel = 1;
				LastSwiftUpdateCheck = 1510;
				LastUpgradeCheck = 1510;
				TargetAttributes = {
					AC72FA5F2B513E2C009E60AB = {
						CreatedOnToolsVersion = 15.1;
					};
				};
			};
			buildConfigurationList = AC72FA5B2B513E2C009E60AB /* Build configuration list for PBXProject "ForTests" */;
			compatibilityVersion = "Xcode 14.0";
			developmentRegion = en;
			hasScannedForEncodings = 0;
			knownRegions = (
				en,
				Base,
			);
			mainGroup = AC72FA572B513E2C009E60AB;
			productRefGroup = AC72FA612B513E2C009E60AB /* Products */;
			projectDirPath = "";
			projectRoot = "";
			targets = (
				AC72FA5F2B513E2C009E60AB /* ForTests */,
			);
		};
/* End PBXProject section */

/* Begin PBXResourcesBuildPhase section */
		AC72FA5E2B513E2C009E60AB /* Resources */ = {
			isa = PBXResourcesBuildPhase;
			buildActionMask = 2147483647;
			files = (
				AC72FA6B2B513E2E009E60AB /* Preview Assets.xcassets in Resources */,
				AC72FA682B513E2E009E60AB /* Assets.xcassets in Resources */,
			);
			runOnlyForDeploymentPostprocessing = 0;
		};
/* End PBXResourcesBuildPhase section */

/* Begin PBXSourcesBuildPhase section */
		AC72FA5C2B513E2C009E60AB /* Sources */ = {
			isa = PBXSourcesBuildPhase;
			buildActionMask = 2147483647;
			files = (
				AC5278342BF6468600CD1909 /* CustomAlertView.swift in Sources */,
				ACFEDC742B83A246002B3C66 /* View+OnFirstAppear.swift in Sources */,
				AC5278162BF386E400CD1909 /* PanelViewIndicator.swift in Sources */,
				AC366EB32C20666C0029AA9A /* DropDown.swift in Sources */,
				AC5278362BF646C100CD1909 /* ContentViewOne.swift in Sources */,
				AC5278452BF649C600CD1909 /* ContentViewOne2.swift in Sources */,
				AC03622F2C1B10E00033B781 /* MainView5.swift in Sources */,
				AC52782E2BF4ED6F00CD1909 /* ResizableSheets2View.swift in Sources */,
				AC52783E2BF6491F00CD1909 /* ExitAlert+View.swift in Sources */,
				AC52782C2BF4ED2C00CD1909 /* ResizableSheetsView.swift in Sources */,
				AC366EB82C2069A90029AA9A /* DropDownView.swift in Sources */,
				AC4CB8B62B63E0350058C263 /* DemoOfHidingPanelView.swift in Sources */,
				AC89BFFE2C04B57A006BE793 /* QuickSearchListFoundDocuments.swift in Sources */,
				AC6B92722B9F088200542B04 /* SwiftUIView.swift in Sources */,
				AC366EBE2C2074F00029AA9A /* MenuSwiftUIView11.swift in Sources */,
				AC89C0142C05D193006BE793 /* MultilineTextFieldView.swift in Sources */,
				AC366ECA2C219B850029AA9A /* ResizableLogoutInfoSheetView.swift in Sources */,
				AC52783B2BF647F300CD1909 /* ExitAlertView.swift in Sources */,
				AC366EC32C20757E0029AA9A /* DropDownMenuDemo4.swift in Sources */,
				ACDEFE152BEB7F41006E0CD1 /* UserAuthorizationBM.swift in Sources */,
				AC9C22112C5A555200D59037 /* SwiftUIViewTangem.swift in Sources */,
				ACC20EBB2B98C3E1006EF14C /* UINavigationController+UIGestureRecognizerDelegate.swift in Sources */,
				AC82964B2B5E583F008383B0 /* PinnedUIView.swift in Sources */,
				AC941F7D2B552D800092C9D6 /* SwiftUIView4.swift in Sources */,
				AC52782A2BF4E9F700CD1909 /* BottomSheetView.swift in Sources */,
				AC82964C2B5E583F008383B0 /* ScrollDirectionCustomGesture.swift in Sources */,
				AC5278212BF4CF7700CD1909 /* AlertContentView.swift in Sources */,
				AC52781D2BF38B7C00CD1909 /* ExitCurtainView.swift in Sources */,
				AC4238402C11A6C50035B3CE /* SwiftUIView123231.swift in Sources */,
				AC52780F2BF37C7700CD1909 /* ScrollablePanelView.swift in Sources */,
				AC52780D2BF37BF700CD1909 /* BottomSheetModifierNew+View.swift in Sources */,
				ACDFF39F2B570F8F000A6AAA /* StackoverflowSwiftUIView.swift in Sources */,
				AC5B1B042BDAEEAF0063ABA5 /* UserAuthorizationBMView.swift in Sources */,
				AC52781A2BF38AE800CD1909 /* DialogView.swift in Sources */,
				AC5278422BF6497D00CD1909 /* ExitAlertModifier.swift in Sources */,
				AC366EBA2C2069DC0029AA9A /* MenuSwiftUIView4.swift in Sources */,
				AC366EB52C2066B40029AA9A /* MenuSwiftUIView3.swift in Sources */,
				ACB98E3E2C22DF4500831CC7 /* CustomResizableLogoutInfoSheetView.swift in Sources */,
				ACDFF3A32B5712C0000A6AAA /* StackoverflowSwiftUIView2.swift in Sources */,
				ACFEDC702B83A064002B3C66 /* Skeleton.swift in Sources */,
				AC366EC12C2075300029AA9A /* DropDown4.swift in Sources */,
				ACFEDC782B83A2C3002B3C66 /* View+Hidden.swift in Sources */,
				ACFEDC7B2B83A333002B3C66 /* DisableScrollingModifier.swift in Sources */,
				AC72FA642B513E2C009E60AB /* ForTestsApp.swift in Sources */,
				AC03622D2C187D7D0033B781 /* View5.swift in Sources */,
				AC366ECC2C21C0AF0029AA9A /* SheetStartTest.swift in Sources */,
				AC89C0182C071C9F006BE793 /* DynamicHeightTextEditor.swift in Sources */,
				AC5278122BF37D2800CD1909 /* KeyboardHelper.swift in Sources */,
				AC5278382BF647A500CD1909 /* ContentViewTwo.swift in Sources */,
				AC89BFFC2C04B462006BE793 /* QuickSearchView.swift in Sources */,
				AC03622B2C1879AC0033B781 /* View4.swift in Sources */,
				AC366EC72C2182740029AA9A /* SwiftUIView11111.swift in Sources */,
				AC89C0122C04D5F8006BE793 /* ContentView.swift in Sources */,
				AC5278142BF385DC00CD1909 /* PanelViewNew.swift in Sources */,
				AC82964D2B5E583F008383B0 /* ScrollDirectionView.swift in Sources */,
				ACDEFE172BEB7F53006E0CD1 /* UserAuthorizationFieldType.swift in Sources */,
				ACFEDC762B83A2A6002B3C66 /* View+Padding.swift in Sources */,
				AC366EAE2C2034760029AA9A /* MenuSwiftUIView2.swift in Sources */,
				AC97383C2B639C1D00E3F642 /* SwiftUIView12345.swift in Sources */,
				AC52781F2BF3941A00CD1909 /* MainCurtainView.swift in Sources */,
				AC5278182BF388F700CD1909 /* BottomSheet.swift in Sources */,
				AC5278402BF6495300CD1909 /* ContentViewOne1.swift in Sources */,
				ACDEFE192BEB7F76006E0CD1 /* View+HideKeyboard.swift in Sources */,
			);
			runOnlyForDeploymentPostprocessing = 0;
		};
/* End PBXSourcesBuildPhase section */

/* Begin XCBuildConfiguration section */
		AC72FA6C2B513E2E009E60AB /* Debug */ = {
			isa = XCBuildConfiguration;
			buildSettings = {
				ALWAYS_SEARCH_USER_PATHS = NO;
				ASSETCATALOG_COMPILER_GENERATE_SWIFT_ASSET_SYMBOL_EXTENSIONS = YES;
				CLANG_ANALYZER_NONNULL = YES;
				CLANG_ANALYZER_NUMBER_OBJECT_CONVERSION = YES_AGGRESSIVE;
				CLANG_CXX_LANGUAGE_STANDARD = "gnu++20";
				CLANG_ENABLE_MODULES = YES;
				CLANG_ENABLE_OBJC_ARC = YES;
				CLANG_ENABLE_OBJC_WEAK = YES;
				CLANG_WARN_BLOCK_CAPTURE_AUTORELEASING = YES;
				CLANG_WARN_BOOL_CONVERSION = YES;
				CLANG_WARN_COMMA = YES;
				CLANG_WARN_CONSTANT_CONVERSION = YES;
				CLANG_WARN_DEPRECATED_OBJC_IMPLEMENTATIONS = YES;
				CLANG_WARN_DIRECT_OBJC_ISA_USAGE = YES_ERROR;
				CLANG_WARN_DOCUMENTATION_COMMENTS = YES;
				CLANG_WARN_EMPTY_BODY = YES;
				CLANG_WARN_ENUM_CONVERSION = YES;
				CLANG_WARN_INFINITE_RECURSION = YES;
				CLANG_WARN_INT_CONVERSION = YES;
				CLANG_WARN_NON_LITERAL_NULL_CONVERSION = YES;
				CLANG_WARN_OBJC_IMPLICIT_RETAIN_SELF = YES;
				CLANG_WARN_OBJC_LITERAL_CONVERSION = YES;
				CLANG_WARN_OBJC_ROOT_CLASS = YES_ERROR;
				CLANG_WARN_QUOTED_INCLUDE_IN_FRAMEWORK_HEADER = YES;
				CLANG_WARN_RANGE_LOOP_ANALYSIS = YES;
				CLANG_WARN_STRICT_PROTOTYPES = YES;
				CLANG_WARN_SUSPICIOUS_MOVE = YES;
				CLANG_WARN_UNGUARDED_AVAILABILITY = YES_AGGRESSIVE;
				CLANG_WARN_UNREACHABLE_CODE = YES;
				CLANG_WARN__DUPLICATE_METHOD_MATCH = YES;
				COPY_PHASE_STRIP = NO;
				DEBUG_INFORMATION_FORMAT = dwarf;
				ENABLE_STRICT_OBJC_MSGSEND = YES;
				ENABLE_TESTABILITY = YES;
				ENABLE_USER_SCRIPT_SANDBOXING = YES;
				GCC_C_LANGUAGE_STANDARD = gnu17;
				GCC_DYNAMIC_NO_PIC = NO;
				GCC_NO_COMMON_BLOCKS = YES;
				GCC_OPTIMIZATION_LEVEL = 0;
				GCC_PREPROCESSOR_DEFINITIONS = (
					"DEBUG=1",
					"$(inherited)",
				);
				GCC_WARN_64_TO_32_BIT_CONVERSION = YES;
				GCC_WARN_ABOUT_RETURN_TYPE = YES_ERROR;
				GCC_WARN_UNDECLARED_SELECTOR = YES;
				GCC_WARN_UNINITIALIZED_AUTOS = YES_AGGRESSIVE;
				GCC_WARN_UNUSED_FUNCTION = YES;
				GCC_WARN_UNUSED_VARIABLE = YES;
				IPHONEOS_DEPLOYMENT_TARGET = 17.2;
				LOCALIZATION_PREFERS_STRING_CATALOGS = YES;
				MTL_ENABLE_DEBUG_INFO = INCLUDE_SOURCE;
				MTL_FAST_MATH = YES;
				ONLY_ACTIVE_ARCH = YES;
				SDKROOT = iphoneos;
				SWIFT_ACTIVE_COMPILATION_CONDITIONS = "DEBUG $(inherited)";
				SWIFT_OPTIMIZATION_LEVEL = "-Onone";
			};
			name = Debug;
		};
		AC72FA6D2B513E2E009E60AB /* Release */ = {
			isa = XCBuildConfiguration;
			buildSettings = {
				ALWAYS_SEARCH_USER_PATHS = NO;
				ASSETCATALOG_COMPILER_GENERATE_SWIFT_ASSET_SYMBOL_EXTENSIONS = YES;
				CLANG_ANALYZER_NONNULL = YES;
				CLANG_ANALYZER_NUMBER_OBJECT_CONVERSION = YES_AGGRESSIVE;
				CLANG_CXX_LANGUAGE_STANDARD = "gnu++20";
				CLANG_ENABLE_MODULES = YES;
				CLANG_ENABLE_OBJC_ARC = YES;
				CLANG_ENABLE_OBJC_WEAK = YES;
				CLANG_WARN_BLOCK_CAPTURE_AUTORELEASING = YES;
				CLANG_WARN_BOOL_CONVERSION = YES;
				CLANG_WARN_COMMA = YES;
				CLANG_WARN_CONSTANT_CONVERSION = YES;
				CLANG_WARN_DEPRECATED_OBJC_IMPLEMENTATIONS = YES;
				CLANG_WARN_DIRECT_OBJC_ISA_USAGE = YES_ERROR;
				CLANG_WARN_DOCUMENTATION_COMMENTS = YES;
				CLANG_WARN_EMPTY_BODY = YES;
				CLANG_WARN_ENUM_CONVERSION = YES;
				CLANG_WARN_INFINITE_RECURSION = YES;
				CLANG_WARN_INT_CONVERSION = YES;
				CLANG_WARN_NON_LITERAL_NULL_CONVERSION = YES;
				CLANG_WARN_OBJC_IMPLICIT_RETAIN_SELF = YES;
				CLANG_WARN_OBJC_LITERAL_CONVERSION = YES;
				CLANG_WARN_OBJC_ROOT_CLASS = YES_ERROR;
				CLANG_WARN_QUOTED_INCLUDE_IN_FRAMEWORK_HEADER = YES;
				CLANG_WARN_RANGE_LOOP_ANALYSIS = YES;
				CLANG_WARN_STRICT_PROTOTYPES = YES;
				CLANG_WARN_SUSPICIOUS_MOVE = YES;
				CLANG_WARN_UNGUARDED_AVAILABILITY = YES_AGGRESSIVE;
				CLANG_WARN_UNREACHABLE_CODE = YES;
				CLANG_WARN__DUPLICATE_METHOD_MATCH = YES;
				COPY_PHASE_STRIP = NO;
				DEBUG_INFORMATION_FORMAT = "dwarf-with-dsym";
				ENABLE_NS_ASSERTIONS = NO;
				ENABLE_STRICT_OBJC_MSGSEND = YES;
				ENABLE_USER_SCRIPT_SANDBOXING = YES;
				GCC_C_LANGUAGE_STANDARD = gnu17;
				GCC_NO_COMMON_BLOCKS = YES;
				GCC_WARN_64_TO_32_BIT_CONVERSION = YES;
				GCC_WARN_ABOUT_RETURN_TYPE = YES_ERROR;
				GCC_WARN_UNDECLARED_SELECTOR = YES;
				GCC_WARN_UNINITIALIZED_AUTOS = YES_AGGRESSIVE;
				GCC_WARN_UNUSED_FUNCTION = YES;
				GCC_WARN_UNUSED_VARIABLE = YES;
				IPHONEOS_DEPLOYMENT_TARGET = 17.2;
				LOCALIZATION_PREFERS_STRING_CATALOGS = YES;
				MTL_ENABLE_DEBUG_INFO = NO;
				MTL_FAST_MATH = YES;
				SDKROOT = iphoneos;
				SWIFT_COMPILATION_MODE = wholemodule;
				VALIDATE_PRODUCT = YES;
			};
			name = Release;
		};
		AC72FA6F2B513E2E009E60AB /* Debug */ = {
			isa = XCBuildConfiguration;
			buildSettings = {
				ASSETCATALOG_COMPILER_APPICON_NAME = AppIcon;
				ASSETCATALOG_COMPILER_GLOBAL_ACCENT_COLOR_NAME = AccentColor;
				CODE_SIGN_STYLE = Automatic;
				CURRENT_PROJECT_VERSION = 1;
				DEVELOPMENT_ASSET_PATHS = "\"ForTests/Preview Content\"";
				DEVELOPMENT_TEAM = T4VS95R2ET;
				ENABLE_PREVIEWS = YES;
				GENERATE_INFOPLIST_FILE = YES;
				INFOPLIST_KEY_UIApplicationSceneManifest_Generation = YES;
				INFOPLIST_KEY_UIApplicationSupportsIndirectInputEvents = YES;
				INFOPLIST_KEY_UILaunchScreen_Generation = YES;
				INFOPLIST_KEY_UISupportedInterfaceOrientations_iPad = "UIInterfaceOrientationPortrait UIInterfaceOrientationPortraitUpsideDown UIInterfaceOrientationLandscapeLeft UIInterfaceOrientationLandscapeRight";
				INFOPLIST_KEY_UISupportedInterfaceOrientations_iPhone = "UIInterfaceOrientationPortrait UIInterfaceOrientationLandscapeLeft UIInterfaceOrientationLandscapeRight";
				LD_RUNPATH_SEARCH_PATHS = (
					"$(inherited)",
					"@executable_path/Frameworks",
				);
				MARKETING_VERSION = 1.0;
				PRODUCT_BUNDLE_IDENTIFIER = com.ForTests.ForTests;
				PRODUCT_NAME = "$(TARGET_NAME)";
				SWIFT_EMIT_LOC_STRINGS = YES;
				SWIFT_VERSION = 5.0;
				TARGETED_DEVICE_FAMILY = "1,2";
			};
			name = Debug;
		};
		AC72FA702B513E2E009E60AB /* Release */ = {
			isa = XCBuildConfiguration;
			buildSettings = {
				ASSETCATALOG_COMPILER_APPICON_NAME = AppIcon;
				ASSETCATALOG_COMPILER_GLOBAL_ACCENT_COLOR_NAME = AccentColor;
				CODE_SIGN_STYLE = Automatic;
				CURRENT_PROJECT_VERSION = 1;
				DEVELOPMENT_ASSET_PATHS = "\"ForTests/Preview Content\"";
				DEVELOPMENT_TEAM = T4VS95R2ET;
				ENABLE_PREVIEWS = YES;
				GENERATE_INFOPLIST_FILE = YES;
				INFOPLIST_KEY_UIApplicationSceneManifest_Generation = YES;
				INFOPLIST_KEY_UIApplicationSupportsIndirectInputEvents = YES;
				INFOPLIST_KEY_UILaunchScreen_Generation = YES;
				INFOPLIST_KEY_UISupportedInterfaceOrientations_iPad = "UIInterfaceOrientationPortrait UIInterfaceOrientationPortraitUpsideDown UIInterfaceOrientationLandscapeLeft UIInterfaceOrientationLandscapeRight";
				INFOPLIST_KEY_UISupportedInterfaceOrientations_iPhone = "UIInterfaceOrientationPortrait UIInterfaceOrientationLandscapeLeft UIInterfaceOrientationLandscapeRight";
				LD_RUNPATH_SEARCH_PATHS = (
					"$(inherited)",
					"@executable_path/Frameworks",
				);
				MARKETING_VERSION = 1.0;
				PRODUCT_BUNDLE_IDENTIFIER = com.ForTests.ForTests;
				PRODUCT_NAME = "$(TARGET_NAME)";
				SWIFT_EMIT_LOC_STRINGS = YES;
				SWIFT_VERSION = 5.0;
				TARGETED_DEVICE_FAMILY = "1,2";
			};
			name = Release;
		};
/* End XCBuildConfiguration section */

/* Begin XCConfigurationList section */
		AC72FA5B2B513E2C009E60AB /* Build configuration list for PBXProject "ForTests" */ = {
			isa = XCConfigurationList;
			buildConfigurations = (
				AC72FA6C2B513E2E009E60AB /* Debug */,
				AC72FA6D2B513E2E009E60AB /* Release */,
			);
			defaultConfigurationIsVisible = 0;
			defaultConfigurationName = Release;
		};
		AC72FA6E2B513E2E009E60AB /* Build configuration list for PBXNativeTarget "ForTests" */ = {
			isa = XCConfigurationList;
			buildConfigurations = (
				AC72FA6F2B513E2E009E60AB /* Debug */,
				AC72FA702B513E2E009E60AB /* Release */,
			);
			defaultConfigurationIsVisible = 0;
			defaultConfigurationName = Release;
		};
/* End XCConfigurationList section */
	};
	rootObject = AC72FA582B513E2C009E60AB /* Project object */;
}
