// !$*UTF8*$!
{
	archiveVersion = 1;
	classes = {
	};
	objectVersion = 56;
	objects = {

/* Begin PBXBuildFile section */
		AC72FA642B513E2C009E60AB /* ForTestsApp.swift in Sources */ = {isa = PBXBuildFile; fileRef = AC72FA632B513E2C009E60AB /* ForTestsApp.swift */; };
		AC72FA662B513E2C009E60AB /* ContentView.swift in Sources */ = {isa = PBXBuildFile; fileRef = AC72FA652B513E2C009E60AB /* ContentView.swift */; };
		AC72FA682B513E2E009E60AB /* Assets.xcassets in Resources */ = {isa = PBXBuildFile; fileRef = AC72FA672B513E2E009E60AB /* Assets.xcassets */; };
		AC72FA6B2B513E2E009E60AB /* Preview Assets.xcassets in Resources */ = {isa = PBXBuildFile; fileRef = AC72FA6A2B513E2E009E60AB /* Preview Assets.xcassets */; };
		AC72FA722B514656009E60AB /* ContentView2.swift in Sources */ = {isa = PBXBuildFile; fileRef = AC72FA712B514656009E60AB /* ContentView2.swift */; };
		AC72FA742B51503A009E60AB /* SwiftUIView.swift in Sources */ = {isa = PBXBuildFile; fileRef = AC72FA732B51503A009E60AB /* SwiftUIView.swift */; };
		AC72FA762B515968009E60AB /* SwiftUIView2.swift in Sources */ = {isa = PBXBuildFile; fileRef = AC72FA752B515968009E60AB /* SwiftUIView2.swift */; };
		AC72FA782B5170EA009E60AB /* SwiftUIView3.swift in Sources */ = {isa = PBXBuildFile; fileRef = AC72FA772B5170EA009E60AB /* SwiftUIView3.swift */; };
		AC941F7D2B552D800092C9D6 /* SwiftUIView4.swift in Sources */ = {isa = PBXBuildFile; fileRef = AC941F7C2B552D800092C9D6 /* SwiftUIView4.swift */; };
		AC941F7F2B5533C50092C9D6 /* SwiftUIView5.swift in Sources */ = {isa = PBXBuildFile; fileRef = AC941F7E2B5533C50092C9D6 /* SwiftUIView5.swift */; };
		AC941F812B5536680092C9D6 /* SwiftUIView5555.swift in Sources */ = {isa = PBXBuildFile; fileRef = AC941F802B5536680092C9D6 /* SwiftUIView5555.swift */; };
		ACDFF39F2B570F8F000A6AAA /* StackoverflowSwiftUIView.swift in Sources */ = {isa = PBXBuildFile; fileRef = ACDFF39E2B570F8F000A6AAA /* StackoverflowSwiftUIView.swift */; };
/* End PBXBuildFile section */

/* Begin PBXFileReference section */
		AC72FA602B513E2C009E60AB /* ForTests.app */ = {isa = PBXFileReference; explicitFileType = wrapper.application; includeInIndex = 0; path = ForTests.app; sourceTree = BUILT_PRODUCTS_DIR; };
		AC72FA632B513E2C009E60AB /* ForTestsApp.swift */ = {isa = PBXFileReference; lastKnownFileType = sourcecode.swift; path = ForTestsApp.swift; sourceTree = "<group>"; };
		AC72FA652B513E2C009E60AB /* ContentView.swift */ = {isa = PBXFileReference; lastKnownFileType = sourcecode.swift; path = ContentView.swift; sourceTree = "<group>"; };
		AC72FA672B513E2E009E60AB /* Assets.xcassets */ = {isa = PBXFileReference; lastKnownFileType = folder.assetcatalog; path = Assets.xcassets; sourceTree = "<group>"; };
		AC72FA6A2B513E2E009E60AB /* Preview Assets.xcassets */ = {isa = PBXFileReference; lastKnownFileType = folder.assetcatalog; path = "Preview Assets.xcassets"; sourceTree = "<group>"; };
		AC72FA712B514656009E60AB /* ContentView2.swift */ = {isa = PBXFileReference; lastKnownFileType = sourcecode.swift; path = ContentView2.swift; sourceTree = "<group>"; };
		AC72FA732B51503A009E60AB /* SwiftUIView.swift */ = {isa = PBXFileReference; lastKnownFileType = sourcecode.swift; path = SwiftUIView.swift; sourceTree = "<group>"; };
		AC72FA752B515968009E60AB /* SwiftUIView2.swift */ = {isa = PBXFileReference; lastKnownFileType = sourcecode.swift; path = SwiftUIView2.swift; sourceTree = "<group>"; };
		AC72FA772B5170EA009E60AB /* SwiftUIView3.swift */ = {isa = PBXFileReference; lastKnownFileType = sourcecode.swift; path = SwiftUIView3.swift; sourceTree = "<group>"; };
		AC941F7C2B552D800092C9D6 /* SwiftUIView4.swift */ = {isa = PBXFileReference; lastKnownFileType = sourcecode.swift; path = SwiftUIView4.swift; sourceTree = "<group>"; };
		AC941F7E2B5533C50092C9D6 /* SwiftUIView5.swift */ = {isa = PBXFileReference; lastKnownFileType = sourcecode.swift; path = SwiftUIView5.swift; sourceTree = "<group>"; };
		AC941F802B5536680092C9D6 /* SwiftUIView5555.swift */ = {isa = PBXFileReference; lastKnownFileType = sourcecode.swift; path = SwiftUIView5555.swift; sourceTree = "<group>"; };
		ACDFF39E2B570F8F000A6AAA /* StackoverflowSwiftUIView.swift */ = {isa = PBXFileReference; lastKnownFileType = sourcecode.swift; path = StackoverflowSwiftUIView.swift; sourceTree = "<group>"; };
/* End PBXFileReference section */

/* Begin PBXFrameworksBuildPhase section */
		AC72FA5D2B513E2C009E60AB /* Frameworks */ = {
			isa = PBXFrameworksBuildPhase;
			buildActionMask = 2147483647;
			files = (
			);
			runOnlyForDeploymentPostprocessing = 0;
		};
/* End PBXFrameworksBuildPhase section */

/* Begin PBXGroup section */
		AC72FA572B513E2C009E60AB = {
			isa = PBXGroup;
			children = (
				AC72FA622B513E2C009E60AB /* ForTests */,
				AC72FA612B513E2C009E60AB /* Products */,
			);
			sourceTree = "<group>";
		};
		AC72FA612B513E2C009E60AB /* Products */ = {
			isa = PBXGroup;
			children = (
				AC72FA602B513E2C009E60AB /* ForTests.app */,
			);
			name = Products;
			sourceTree = "<group>";
		};
		AC72FA622B513E2C009E60AB /* ForTests */ = {
			isa = PBXGroup;
			children = (
				AC72FA632B513E2C009E60AB /* ForTestsApp.swift */,
				ACDFF39C2B570F3C000A6AAA /* Delete */,
				ACDFF39B2B570F08000A6AAA /* Work */,
				ACDFF39D2B570F6C000A6AAA /* Stackoverflow */,
				AC72FA672B513E2E009E60AB /* Assets.xcassets */,
				AC72FA692B513E2E009E60AB /* Preview Content */,
			);
			path = ForTests;
			sourceTree = "<group>";
		};
		AC72FA692B513E2E009E60AB /* Preview Content */ = {
			isa = PBXGroup;
			children = (
				AC72FA6A2B513E2E009E60AB /* Preview Assets.xcassets */,
			);
			path = "Preview Content";
			sourceTree = "<group>";
		};
		ACDFF39B2B570F08000A6AAA /* Work */ = {
			isa = PBXGroup;
			children = (
				AC941F7C2B552D800092C9D6 /* SwiftUIView4.swift */,
			);
			path = Work;
			sourceTree = "<group>";
		};
		ACDFF39C2B570F3C000A6AAA /* Delete */ = {
			isa = PBXGroup;
			children = (
				AC72FA652B513E2C009E60AB /* ContentView.swift */,
				AC72FA712B514656009E60AB /* ContentView2.swift */,
				AC72FA732B51503A009E60AB /* SwiftUIView.swift */,
				AC72FA752B515968009E60AB /* SwiftUIView2.swift */,
				AC72FA772B5170EA009E60AB /* SwiftUIView3.swift */,
				AC941F7E2B5533C50092C9D6 /* SwiftUIView5.swift */,
				AC941F802B5536680092C9D6 /* SwiftUIView5555.swift */,
			);
			path = Delete;
			sourceTree = "<group>";
		};
		ACDFF39D2B570F6C000A6AAA /* Stackoverflow */ = {
			isa = PBXGroup;
			children = (
				ACDFF39E2B570F8F000A6AAA /* StackoverflowSwiftUIView.swift */,
			);
			path = Stackoverflow;
			sourceTree = "<group>";
		};
/* End PBXGroup section */

/* Begin PBXNativeTarget section */
		AC72FA5F2B513E2C009E60AB /* ForTests */ = {
			isa = PBXNativeTarget;
			buildConfigurationList = AC72FA6E2B513E2E009E60AB /* Build configuration list for PBXNativeTarget "ForTests" */;
			buildPhases = (
				AC72FA5C2B513E2C009E60AB /* Sources */,
				AC72FA5D2B513E2C009E60AB /* Frameworks */,
				AC72FA5E2B513E2C009E60AB /* Resources */,
			);
			buildRules = (
			);
			dependencies = (
			);
			name = ForTests;
			productName = ForTests;
			productReference = AC72FA602B513E2C009E60AB /* ForTests.app */;
			productType = "com.apple.product-type.application";
		};
/* End PBXNativeTarget section */

/* Begin PBXProject section */
		AC72FA582B513E2C009E60AB /* Project object */ = {
			isa = PBXProject;
			attributes = {
				BuildIndependentTargetsInParallel = 1;
				LastSwiftUpdateCheck = 1510;
				LastUpgradeCheck = 1510;
				TargetAttributes = {
					AC72FA5F2B513E2C009E60AB = {
						CreatedOnToolsVersion = 15.1;
					};
				};
			};
			buildConfigurationList = AC72FA5B2B513E2C009E60AB /* Build configuration list for PBXProject "ForTests" */;
			compatibilityVersion = "Xcode 14.0";
			developmentRegion = en;
			hasScannedForEncodings = 0;
			knownRegions = (
				en,
				Base,
			);
			mainGroup = AC72FA572B513E2C009E60AB;
			productRefGroup = AC72FA612B513E2C009E60AB /* Products */;
			projectDirPath = "";
			projectRoot = "";
			targets = (
				AC72FA5F2B513E2C009E60AB /* ForTests */,
			);
		};
/* End PBXProject section */

/* Begin PBXResourcesBuildPhase section */
		AC72FA5E2B513E2C009E60AB /* Resources */ = {
			isa = PBXResourcesBuildPhase;
			buildActionMask = 2147483647;
			files = (
				AC72FA6B2B513E2E009E60AB /* Preview Assets.xcassets in Resources */,
				AC72FA682B513E2E009E60AB /* Assets.xcassets in Resources */,
			);
			runOnlyForDeploymentPostprocessing = 0;
		};
/* End PBXResourcesBuildPhase section */

/* Begin PBXSourcesBuildPhase section */
		AC72FA5C2B513E2C009E60AB /* Sources */ = {
			isa = PBXSourcesBuildPhase;
			buildActionMask = 2147483647;
			files = (
				AC941F7F2B5533C50092C9D6 /* SwiftUIView5.swift in Sources */,
				AC941F7D2B552D800092C9D6 /* SwiftUIView4.swift in Sources */,
				AC72FA722B514656009E60AB /* ContentView2.swift in Sources */,
				ACDFF39F2B570F8F000A6AAA /* StackoverflowSwiftUIView.swift in Sources */,
				AC72FA662B513E2C009E60AB /* ContentView.swift in Sources */,
				AC72FA782B5170EA009E60AB /* SwiftUIView3.swift in Sources */,
				AC72FA762B515968009E60AB /* SwiftUIView2.swift in Sources */,
				AC72FA742B51503A009E60AB /* SwiftUIView.swift in Sources */,
				AC941F812B5536680092C9D6 /* SwiftUIView5555.swift in Sources */,
				AC72FA642B513E2C009E60AB /* ForTestsApp.swift in Sources */,
			);
			runOnlyForDeploymentPostprocessing = 0;
		};
/* End PBXSourcesBuildPhase section */

/* Begin XCBuildConfiguration section */
		AC72FA6C2B513E2E009E60AB /* Debug */ = {
			isa = XCBuildConfiguration;
			buildSettings = {
				ALWAYS_SEARCH_USER_PATHS = NO;
				ASSETCATALOG_COMPILER_GENERATE_SWIFT_ASSET_SYMBOL_EXTENSIONS = YES;
				CLANG_ANALYZER_NONNULL = YES;
				CLANG_ANALYZER_NUMBER_OBJECT_CONVERSION = YES_AGGRESSIVE;
				CLANG_CXX_LANGUAGE_STANDARD = "gnu++20";
				CLANG_ENABLE_MODULES = YES;
				CLANG_ENABLE_OBJC_ARC = YES;
				CLANG_ENABLE_OBJC_WEAK = YES;
				CLANG_WARN_BLOCK_CAPTURE_AUTORELEASING = YES;
				CLANG_WARN_BOOL_CONVERSION = YES;
				CLANG_WARN_COMMA = YES;
				CLANG_WARN_CONSTANT_CONVERSION = YES;
				CLANG_WARN_DEPRECATED_OBJC_IMPLEMENTATIONS = YES;
				CLANG_WARN_DIRECT_OBJC_ISA_USAGE = YES_ERROR;
				CLANG_WARN_DOCUMENTATION_COMMENTS = YES;
				CLANG_WARN_EMPTY_BODY = YES;
				CLANG_WARN_ENUM_CONVERSION = YES;
				CLANG_WARN_INFINITE_RECURSION = YES;
				CLANG_WARN_INT_CONVERSION = YES;
				CLANG_WARN_NON_LITERAL_NULL_CONVERSION = YES;
				CLANG_WARN_OBJC_IMPLICIT_RETAIN_SELF = YES;
				CLANG_WARN_OBJC_LITERAL_CONVERSION = YES;
				CLANG_WARN_OBJC_ROOT_CLASS = YES_ERROR;
				CLANG_WARN_QUOTED_INCLUDE_IN_FRAMEWORK_HEADER = YES;
				CLANG_WARN_RANGE_LOOP_ANALYSIS = YES;
				CLANG_WARN_STRICT_PROTOTYPES = YES;
				CLANG_WARN_SUSPICIOUS_MOVE = YES;
				CLANG_WARN_UNGUARDED_AVAILABILITY = YES_AGGRESSIVE;
				CLANG_WARN_UNREACHABLE_CODE = YES;
				CLANG_WARN__DUPLICATE_METHOD_MATCH = YES;
				COPY_PHASE_STRIP = NO;
				DEBUG_INFORMATION_FORMAT = dwarf;
				ENABLE_STRICT_OBJC_MSGSEND = YES;
				ENABLE_TESTABILITY = YES;
				ENABLE_USER_SCRIPT_SANDBOXING = YES;
				GCC_C_LANGUAGE_STANDARD = gnu17;
				GCC_DYNAMIC_NO_PIC = NO;
				GCC_NO_COMMON_BLOCKS = YES;
				GCC_OPTIMIZATION_LEVEL = 0;
				GCC_PREPROCESSOR_DEFINITIONS = (
					"DEBUG=1",
					"$(inherited)",
				);
				GCC_WARN_64_TO_32_BIT_CONVERSION = YES;
				GCC_WARN_ABOUT_RETURN_TYPE = YES_ERROR;
				GCC_WARN_UNDECLARED_SELECTOR = YES;
				GCC_WARN_UNINITIALIZED_AUTOS = YES_AGGRESSIVE;
				GCC_WARN_UNUSED_FUNCTION = YES;
				GCC_WARN_UNUSED_VARIABLE = YES;
				IPHONEOS_DEPLOYMENT_TARGET = 17.2;
				LOCALIZATION_PREFERS_STRING_CATALOGS = YES;
				MTL_ENABLE_DEBUG_INFO = INCLUDE_SOURCE;
				MTL_FAST_MATH = YES;
				ONLY_ACTIVE_ARCH = YES;
				SDKROOT = iphoneos;
				SWIFT_ACTIVE_COMPILATION_CONDITIONS = "DEBUG $(inherited)";
				SWIFT_OPTIMIZATION_LEVEL = "-Onone";
			};
			name = Debug;
		};
		AC72FA6D2B513E2E009E60AB /* Release */ = {
			isa = XCBuildConfiguration;
			buildSettings = {
				ALWAYS_SEARCH_USER_PATHS = NO;
				ASSETCATALOG_COMPILER_GENERATE_SWIFT_ASSET_SYMBOL_EXTENSIONS = YES;
				CLANG_ANALYZER_NONNULL = YES;
				CLANG_ANALYZER_NUMBER_OBJECT_CONVERSION = YES_AGGRESSIVE;
				CLANG_CXX_LANGUAGE_STANDARD = "gnu++20";
				CLANG_ENABLE_MODULES = YES;
				CLANG_ENABLE_OBJC_ARC = YES;
				CLANG_ENABLE_OBJC_WEAK = YES;
				CLANG_WARN_BLOCK_CAPTURE_AUTORELEASING = YES;
				CLANG_WARN_BOOL_CONVERSION = YES;
				CLANG_WARN_COMMA = YES;
				CLANG_WARN_CONSTANT_CONVERSION = YES;
				CLANG_WARN_DEPRECATED_OBJC_IMPLEMENTATIONS = YES;
				CLANG_WARN_DIRECT_OBJC_ISA_USAGE = YES_ERROR;
				CLANG_WARN_DOCUMENTATION_COMMENTS = YES;
				CLANG_WARN_EMPTY_BODY = YES;
				CLANG_WARN_ENUM_CONVERSION = YES;
				CLANG_WARN_INFINITE_RECURSION = YES;
				CLANG_WARN_INT_CONVERSION = YES;
				CLANG_WARN_NON_LITERAL_NULL_CONVERSION = YES;
				CLANG_WARN_OBJC_IMPLICIT_RETAIN_SELF = YES;
				CLANG_WARN_OBJC_LITERAL_CONVERSION = YES;
				CLANG_WARN_OBJC_ROOT_CLASS = YES_ERROR;
				CLANG_WARN_QUOTED_INCLUDE_IN_FRAMEWORK_HEADER = YES;
				CLANG_WARN_RANGE_LOOP_ANALYSIS = YES;
				CLANG_WARN_STRICT_PROTOTYPES = YES;
				CLANG_WARN_SUSPICIOUS_MOVE = YES;
				CLANG_WARN_UNGUARDED_AVAILABILITY = YES_AGGRESSIVE;
				CLANG_WARN_UNREACHABLE_CODE = YES;
				CLANG_WARN__DUPLICATE_METHOD_MATCH = YES;
				COPY_PHASE_STRIP = NO;
				DEBUG_INFORMATION_FORMAT = "dwarf-with-dsym";
				ENABLE_NS_ASSERTIONS = NO;
				ENABLE_STRICT_OBJC_MSGSEND = YES;
				ENABLE_USER_SCRIPT_SANDBOXING = YES;
				GCC_C_LANGUAGE_STANDARD = gnu17;
				GCC_NO_COMMON_BLOCKS = YES;
				GCC_WARN_64_TO_32_BIT_CONVERSION = YES;
				GCC_WARN_ABOUT_RETURN_TYPE = YES_ERROR;
				GCC_WARN_UNDECLARED_SELECTOR = YES;
				GCC_WARN_UNINITIALIZED_AUTOS = YES_AGGRESSIVE;
				GCC_WARN_UNUSED_FUNCTION = YES;
				GCC_WARN_UNUSED_VARIABLE = YES;
				IPHONEOS_DEPLOYMENT_TARGET = 17.2;
				LOCALIZATION_PREFERS_STRING_CATALOGS = YES;
				MTL_ENABLE_DEBUG_INFO = NO;
				MTL_FAST_MATH = YES;
				SDKROOT = iphoneos;
				SWIFT_COMPILATION_MODE = wholemodule;
				VALIDATE_PRODUCT = YES;
			};
			name = Release;
		};
		AC72FA6F2B513E2E009E60AB /* Debug */ = {
			isa = XCBuildConfiguration;
			buildSettings = {
				ASSETCATALOG_COMPILER_APPICON_NAME = AppIcon;
				ASSETCATALOG_COMPILER_GLOBAL_ACCENT_COLOR_NAME = AccentColor;
				CODE_SIGN_STYLE = Automatic;
				CURRENT_PROJECT_VERSION = 1;
				DEVELOPMENT_ASSET_PATHS = "\"ForTests/Preview Content\"";
				DEVELOPMENT_TEAM = T4VS95R2ET;
				ENABLE_PREVIEWS = YES;
				GENERATE_INFOPLIST_FILE = YES;
				INFOPLIST_KEY_UIApplicationSceneManifest_Generation = YES;
				INFOPLIST_KEY_UIApplicationSupportsIndirectInputEvents = YES;
				INFOPLIST_KEY_UILaunchScreen_Generation = YES;
				INFOPLIST_KEY_UISupportedInterfaceOrientations_iPad = "UIInterfaceOrientationPortrait UIInterfaceOrientationPortraitUpsideDown UIInterfaceOrientationLandscapeLeft UIInterfaceOrientationLandscapeRight";
				INFOPLIST_KEY_UISupportedInterfaceOrientations_iPhone = "UIInterfaceOrientationPortrait UIInterfaceOrientationLandscapeLeft UIInterfaceOrientationLandscapeRight";
				LD_RUNPATH_SEARCH_PATHS = (
					"$(inherited)",
					"@executable_path/Frameworks",
				);
				MARKETING_VERSION = 1.0;
				PRODUCT_BUNDLE_IDENTIFIER = com.ForTests.ForTests;
				PRODUCT_NAME = "$(TARGET_NAME)";
				SWIFT_EMIT_LOC_STRINGS = YES;
				SWIFT_VERSION = 5.0;
				TARGETED_DEVICE_FAMILY = "1,2";
			};
			name = Debug;
		};
		AC72FA702B513E2E009E60AB /* Release */ = {
			isa = XCBuildConfiguration;
			buildSettings = {
				ASSETCATALOG_COMPILER_APPICON_NAME = AppIcon;
				ASSETCATALOG_COMPILER_GLOBAL_ACCENT_COLOR_NAME = AccentColor;
				CODE_SIGN_STYLE = Automatic;
				CURRENT_PROJECT_VERSION = 1;
				DEVELOPMENT_ASSET_PATHS = "\"ForTests/Preview Content\"";
				DEVELOPMENT_TEAM = T4VS95R2ET;
				ENABLE_PREVIEWS = YES;
				GENERATE_INFOPLIST_FILE = YES;
				INFOPLIST_KEY_UIApplicationSceneManifest_Generation = YES;
				INFOPLIST_KEY_UIApplicationSupportsIndirectInputEvents = YES;
				INFOPLIST_KEY_UILaunchScreen_Generation = YES;
				INFOPLIST_KEY_UISupportedInterfaceOrientations_iPad = "UIInterfaceOrientationPortrait UIInterfaceOrientationPortraitUpsideDown UIInterfaceOrientationLandscapeLeft UIInterfaceOrientationLandscapeRight";
				INFOPLIST_KEY_UISupportedInterfaceOrientations_iPhone = "UIInterfaceOrientationPortrait UIInterfaceOrientationLandscapeLeft UIInterfaceOrientationLandscapeRight";
				LD_RUNPATH_SEARCH_PATHS = (
					"$(inherited)",
					"@executable_path/Frameworks",
				);
				MARKETING_VERSION = 1.0;
				PRODUCT_BUNDLE_IDENTIFIER = com.ForTests.ForTests;
				PRODUCT_NAME = "$(TARGET_NAME)";
				SWIFT_EMIT_LOC_STRINGS = YES;
				SWIFT_VERSION = 5.0;
				TARGETED_DEVICE_FAMILY = "1,2";
			};
			name = Release;
		};
/* End XCBuildConfiguration section */

/* Begin XCConfigurationList section */
		AC72FA5B2B513E2C009E60AB /* Build configuration list for PBXProject "ForTests" */ = {
			isa = XCConfigurationList;
			buildConfigurations = (
				AC72FA6C2B513E2E009E60AB /* Debug */,
				AC72FA6D2B513E2E009E60AB /* Release */,
			);
			defaultConfigurationIsVisible = 0;
			defaultConfigurationName = Release;
		};
		AC72FA6E2B513E2E009E60AB /* Build configuration list for PBXNativeTarget "ForTests" */ = {
			isa = XCConfigurationList;
			buildConfigurations = (
				AC72FA6F2B513E2E009E60AB /* Debug */,
				AC72FA702B513E2E009E60AB /* Release */,
			);
			defaultConfigurationIsVisible = 0;
			defaultConfigurationName = Release;
		};
/* End XCConfigurationList section */
	};
	rootObject = AC72FA582B513E2C009E60AB /* Project object */;
}
